
Microsoft Visual Studio Solution File, Format Version 12.00
# Visual Studio 14
VisualStudioVersion = 14.0.25420.1
MinimumVisualStudioVersion = 10.0.40219.1
Project("{FAE04EC0-301F-11D3-BF4B-00C04F79EFBC}") = "RomanCalculator", "RomanCalculator\RomanCalculator.csproj", "{F1FD71D0-5BCB-4E33-B803-5AAF47A943A0}"
EndProject
Project("{FAE04EC0-301F-11D3-BF4B-00C04F79EFBC}") = "Test.RomanCalculator", "Test.RomanCalculator\Test.RomanCalculator.csproj", "{2DB4B118-D2B5-415E-AC7D-13F3948106FF}"
EndProject
Global
	GlobalSection(SolutionConfigurationPlatforms) = preSolution
		Debug|Any CPU = Debug|Any CPU
		Release|Any CPU = Release|Any CPU
	EndGlobalSection
	GlobalSection(ProjectConfigurationPlatforms) = postSolution
		{F1FD71D0-5BCB-4E33-B803-5AAF47A943A0}.Debug|Any CPU.ActiveCfg = Debug|Any CPU
		{F1FD71D0-5BCB-4E33-B803-5AAF47A943A0}.Debug|Any CPU.Build.0 = Debug|Any CPU
		{F1FD71D0-5BCB-4E33-B803-5AAF47A943A0}.Release|Any CPU.ActiveCfg = Release|Any CPU
		{F1FD71D0-5BCB-4E33-B803-5AAF47A943A0}.Release|Any CPU.Build.0 = Release|Any CPU
		{2DB4B118-D2B5-415E-AC7D-13F3948106FF}.Debug|Any CPU.ActiveCfg = Debug|Any CPU
		{2DB4B118-D2B5-415E-AC7D-13F3948106FF}.Debug|Any CPU.Build.0 = Debug|Any CPU
		{2DB4B118-D2B5-415E-AC7D-13F3948106FF}.Release|Any CPU.ActiveCfg = Release|Any CPU
		{2DB4B118-D2B5-415E-AC7D-13F3948106FF}.Release|Any CPU.Build.0 = Release|Any CPU
	EndGlobalSection
	GlobalSection(SolutionProperties) = preSolution
		HideSolutionNode = FALSE
	EndGlobalSection
EndGlobal
